
Microsoft Visual Studio Solution File, Format Version 12.00
# Visual Studio Version 16
VisualStudioVersion = 16.0.29209.62
MinimumVisualStudioVersion = 10.0.40219.1
Project("{FAE04EC0-301F-11D3-BF4B-00C04F79EFBC}") = "ReloadWeaponOnVehicle", "ReloadWeaponOnVehicle\ReloadWeaponOnVehicle.csproj", "{B1C09238-7495-4BB4-BBA6-69056CD8956D}"
EndProject
Global
	GlobalSection(SolutionConfigurationPlatforms) = preSolution
		Debug|Any CPU = Debug|Any CPU
		Release|Any CPU = Release|Any CPU
	EndGlobalSection
	GlobalSection(ProjectConfigurationPlatforms) = postSolution
		{B1C09238-7495-4BB4-BBA6-69056CD8956D}.Debug|Any CPU.ActiveCfg = Debug|Any CPU
		{B1C09238-7495-4BB4-BBA6-69056CD8956D}.Debug|Any CPU.Build.0 = Debug|Any CPU
		{B1C09238-7495-4BB4-BBA6-69056CD8956D}.Release|Any CPU.ActiveCfg = Release|Any CPU
		{B1C09238-7495-4BB4-BBA6-69056CD8956D}.Release|Any CPU.Build.0 = Release|Any CPU
	EndGlobalSection
	GlobalSection(SolutionProperties) = preSolution
		HideSolutionNode = FALSE
	EndGlobalSection
	GlobalSection(ExtensibilityGlobals) = postSolution
		SolutionGuid = {525877AB-8D45-4F55-8E8C-16DDE4788A73}
	EndGlobalSection
EndGlobal
